
Microsoft Visual Studio Solution File, Format Version 12.00
# Visual Studio Version 17
VisualStudioVersion = 17.1.32328.378
MinimumVisualStudioVersion = 10.0.40219.1
Project("{FAE04EC0-301F-11D3-BF4B-00C04F79EFBC}") = "BL", "BL\BL.csproj", "{D8655268-2FA5-41B9-860C-9A68A596A2D7}"
EndProject
Project("{FAE04EC0-301F-11D3-BF4B-00C04F79EFBC}") = "ML", "ML\ML.csproj", "{2302BB47-7841-40BE-A394-E2344018C343}"
EndProject
Project("{FAE04EC0-301F-11D3-BF4B-00C04F79EFBC}") = "DL", "DL\DL.csproj", "{1B8AD8FB-431A-4C86-A254-82C51BC3AEA0}"
EndProject
Project("{FAE04EC0-301F-11D3-BF4B-00C04F79EFBC}") = "PL", "PL\PL.csproj", "{AB53882B-780B-4DAE-8DE6-D31069956EE5}"
EndProject
Project("{FAE04EC0-301F-11D3-BF4B-00C04F79EFBC}") = "SL", "SL\SL.csproj", "{78C4ECE5-FC66-4C46-BC67-37655906FA8C}"
EndProject
Global
	GlobalSection(SolutionConfigurationPlatforms) = preSolution
		Debug|Any CPU = Debug|Any CPU
		Release|Any CPU = Release|Any CPU
	EndGlobalSection
	GlobalSection(ProjectConfigurationPlatforms) = postSolution
		{D8655268-2FA5-41B9-860C-9A68A596A2D7}.Debug|Any CPU.ActiveCfg = Debug|Any CPU
		{D8655268-2FA5-41B9-860C-9A68A596A2D7}.Debug|Any CPU.Build.0 = Debug|Any CPU
		{D8655268-2FA5-41B9-860C-9A68A596A2D7}.Release|Any CPU.ActiveCfg = Release|Any CPU
		{D8655268-2FA5-41B9-860C-9A68A596A2D7}.Release|Any CPU.Build.0 = Release|Any CPU
		{2302BB47-7841-40BE-A394-E2344018C343}.Debug|Any CPU.ActiveCfg = Debug|Any CPU
		{2302BB47-7841-40BE-A394-E2344018C343}.Debug|Any CPU.Build.0 = Debug|Any CPU
		{2302BB47-7841-40BE-A394-E2344018C343}.Release|Any CPU.ActiveCfg = Release|Any CPU
		{2302BB47-7841-40BE-A394-E2344018C343}.Release|Any CPU.Build.0 = Release|Any CPU
		{1B8AD8FB-431A-4C86-A254-82C51BC3AEA0}.Debug|Any CPU.ActiveCfg = Debug|Any CPU
		{1B8AD8FB-431A-4C86-A254-82C51BC3AEA0}.Debug|Any CPU.Build.0 = Debug|Any CPU
		{1B8AD8FB-431A-4C86-A254-82C51BC3AEA0}.Release|Any CPU.ActiveCfg = Release|Any CPU
		{1B8AD8FB-431A-4C86-A254-82C51BC3AEA0}.Release|Any CPU.Build.0 = Release|Any CPU
		{AB53882B-780B-4DAE-8DE6-D31069956EE5}.Debug|Any CPU.ActiveCfg = Debug|Any CPU
		{AB53882B-780B-4DAE-8DE6-D31069956EE5}.Debug|Any CPU.Build.0 = Debug|Any CPU
		{AB53882B-780B-4DAE-8DE6-D31069956EE5}.Release|Any CPU.ActiveCfg = Release|Any CPU
		{AB53882B-780B-4DAE-8DE6-D31069956EE5}.Release|Any CPU.Build.0 = Release|Any CPU
		{78C4ECE5-FC66-4C46-BC67-37655906FA8C}.Debug|Any CPU.ActiveCfg = Debug|Any CPU
		{78C4ECE5-FC66-4C46-BC67-37655906FA8C}.Debug|Any CPU.Build.0 = Debug|Any CPU
		{78C4ECE5-FC66-4C46-BC67-37655906FA8C}.Release|Any CPU.ActiveCfg = Release|Any CPU
		{78C4ECE5-FC66-4C46-BC67-37655906FA8C}.Release|Any CPU.Build.0 = Release|Any CPU
	EndGlobalSection
	GlobalSection(SolutionProperties) = preSolution
		HideSolutionNode = FALSE
	EndGlobalSection
	GlobalSection(ExtensibilityGlobals) = postSolution
		SolutionGuid = {A08A3AA2-E0AB-47BE-A427-D0E111C95DA3}
	EndGlobalSection
EndGlobal
